
Microsoft Visual Studio Solution File, Format Version 12.00
# Visual Studio Version 17
VisualStudioVersion = 17.2.32616.157
MinimumVisualStudioVersion = 10.0.40219.1
Project("{FAE04EC0-301F-11D3-BF4B-00C04F79EFBC}") = "DataGridViewPagingBindingNavigator", "DataGridViewPagingBindingNavigator.csproj", "{346EF34F-B37B-4666-857E-51C0B82BF2C0}"
EndProject
Global
	GlobalSection(SolutionConfigurationPlatforms) = preSolution
		Debug|Any CPU = Debug|Any CPU
		Release|Any CPU = Release|Any CPU
	EndGlobalSection
	GlobalSection(ProjectConfigurationPlatforms) = postSolution
		{346EF34F-B37B-4666-857E-51C0B82BF2C0}.Debug|Any CPU.ActiveCfg = Debug|Any CPU
		{346EF34F-B37B-4666-857E-51C0B82BF2C0}.Debug|Any CPU.Build.0 = Debug|Any CPU
		{346EF34F-B37B-4666-857E-51C0B82BF2C0}.Release|Any CPU.ActiveCfg = Release|Any CPU
		{346EF34F-B37B-4666-857E-51C0B82BF2C0}.Release|Any CPU.Build.0 = Release|Any CPU
	EndGlobalSection
	GlobalSection(SolutionProperties) = preSolution
		HideSolutionNode = FALSE
	EndGlobalSection
	GlobalSection(ExtensibilityGlobals) = postSolution
		SolutionGuid = {9ED8A04A-18DB-4992-B712-D5776A56CC2E}
	EndGlobalSection
EndGlobal
